{
  "name": "preprocess",
  "lockfileVersion": 2,
  "requires": true,
  "packages": {
    "": {
      "dependencies": {
        "d3-colorbar": "^0.0.1"
      }
    },
    "node_modules/d3-colorbar": {
      "version": "0.0.1",
      "resolved": "https://registry.npmjs.org/d3-colorbar/-/d3-colorbar-0.0.1.tgz",
      "integrity": "sha512-MsjlGgmS255iyq98p4sYLx2iKIOnM1g0snIYPe6wlpXRPO3IBhz+8p6h7zDMcMMMThLyWNzNQZ5xo78T2XLE+A=="
    }
  },
  "dependencies": {
    "d3-colorbar": {
      "version": "0.0.1",
      "resolved": "https://registry.npmjs.org/d3-colorbar/-/d3-colorbar-0.0.1.tgz",
      "integrity": "sha512-MsjlGgmS255iyq98p4sYLx2iKIOnM1g0snIYPe6wlpXRPO3IBhz+8p6h7zDMcMMMThLyWNzNQZ5xo78T2XLE+A=="
    }
  }
}
